{
  "name": "zadanie-rozwiazane",
  "version": "1.0.0",
  "lockfileVersion": 1,
  "requires": true,
  "dependencies": {
    "@types/jquery": {
      "version": "3.3.4",
      "resolved": "https://registry.npmjs.org/@types/jquery/-/jquery-3.3.4.tgz",
      "integrity": "sha512-KqgLNDh8oTl43/2B78S7tjwPnOxPtP9wQsLptbuQCmMwqH5QuPZOk36RsNgbs3mnq/3SCyG1l/GJmhKk5Dg68g=="
    },
    "@types/knockout": {
      "version": "3.4.55",
      "resolved": "https://registry.npmjs.org/@types/knockout/-/knockout-3.4.55.tgz",
      "integrity": "sha512-Wni6bZ3+lGT32OyAJssOotVdEFe0WQubqIzIxFiipYWi3URNCZJjMrHuLy1G8BH/tTZJRHYmbJ3wRVvumzYcZQ=="
    },
    "bootstrap": {
      "version": "4.1.1",
      "resolved": "https://registry.npmjs.org/bootstrap/-/bootstrap-4.1.1.tgz",
      "integrity": "sha512-SpiDSOcbg4J/PjVSt4ny5eY6j74VbVSjROY4Fb/WIUXBV9cnb5luyR4KnPvNoXuGnBK1T+nJIWqRsvU3yP8Mcg=="
    },
    "jquery": {
      "version": "3.3.1",
      "resolved": "https://registry.npmjs.org/jquery/-/jquery-3.3.1.tgz",
      "integrity": "sha512-Ubldcmxp5np52/ENotGxlLe6aGMvmF4R8S6tZjsP6Knsaxd/xp3Zrh50cG93lR6nPXyUFwzN3ZSOQI0wRJNdGg=="
    },
    "knockout": {
      "version": "3.4.2",
      "resolved": "https://registry.npmjs.org/knockout/-/knockout-3.4.2.tgz",
      "integrity": "sha1-6HlY3netHpNvfOZFuri118RW2Tc="
    },
    "typescript": {
      "version": "2.9.2",
      "resolved": "https://registry.npmjs.org/typescript/-/typescript-2.9.2.tgz",
      "integrity": "sha512-Gr4p6nFNaoufRIY4NMdpQRNmgxVIGMs4Fcu/ujdYk3nAZqk7supzBE9idmvfZIlH/Cuj//dvi+019qEue9lV0w=="
    }
  }
}
